
Microsoft Visual Studio Solution File, Format Version 12.00
# Visual Studio Version 17
VisualStudioVersion = 17.0.31903.59
MinimumVisualStudioVersion = 10.0.40219.1
Project("{FAE04EC0-301F-11D3-BF4B-00C04F79EFBC}") = "MessageService", "MessageService.csproj", "{D27568DE-A5EA-40CD-BBE5-E244E4E3A93A}"
EndProject
Global
	GlobalSection(SolutionConfigurationPlatforms) = preSolution
		Debug|Any CPU = Debug|Any CPU
		Release|Any CPU = Release|Any CPU
	EndGlobalSection
	GlobalSection(ProjectConfigurationPlatforms) = postSolution
		{D27568DE-A5EA-40CD-BBE5-E244E4E3A93A}.Debug|Any CPU.ActiveCfg = Debug|Any CPU
		{D27568DE-A5EA-40CD-BBE5-E244E4E3A93A}.Debug|Any CPU.Build.0 = Debug|Any CPU
		{D27568DE-A5EA-40CD-BBE5-E244E4E3A93A}.Release|Any CPU.ActiveCfg = Release|Any CPU
		{D27568DE-A5EA-40CD-BBE5-E244E4E3A93A}.Release|Any CPU.Build.0 = Release|Any CPU
	EndGlobalSection
	GlobalSection(SolutionProperties) = preSolution
		HideSolutionNode = FALSE
	EndGlobalSection
	GlobalSection(ExtensibilityGlobals) = postSolution
		SolutionGuid = {6A66D911-0A9E-48F6-ACBE-3933720D653D}
	EndGlobalSection
EndGlobal
